
Microsoft Visual Studio Solution File, Format Version 12.00
# Visual Studio Version 16
VisualStudioVersion = 16.0.31613.86
MinimumVisualStudioVersion = 10.0.40219.1
Project("{FAE04EC0-301F-11D3-BF4B-00C04F79EFBC}") = "CustomStockIcons", "CustomStockIcons\CustomStockIcons.csproj", "{3C99B80C-A69E-4ADB-941B-14255B08484F}"
EndProject
Global
	GlobalSection(SolutionConfigurationPlatforms) = preSolution
		Debug|Any CPU = Debug|Any CPU
		Release|Any CPU = Release|Any CPU
	EndGlobalSection
	GlobalSection(ProjectConfigurationPlatforms) = postSolution
		{3C99B80C-A69E-4ADB-941B-14255B08484F}.Debug|Any CPU.ActiveCfg = Debug|Any CPU
		{3C99B80C-A69E-4ADB-941B-14255B08484F}.Debug|Any CPU.Build.0 = Debug|Any CPU
		{3C99B80C-A69E-4ADB-941B-14255B08484F}.Release|Any CPU.ActiveCfg = Release|Any CPU
		{3C99B80C-A69E-4ADB-941B-14255B08484F}.Release|Any CPU.Build.0 = Release|Any CPU
	EndGlobalSection
	GlobalSection(SolutionProperties) = preSolution
		HideSolutionNode = FALSE
	EndGlobalSection
	GlobalSection(ExtensibilityGlobals) = postSolution
		SolutionGuid = {0DE31203-C80D-4C2B-AECF-AFA584B74D6B}
	EndGlobalSection
EndGlobal
